
Microsoft Visual Studio Solution File, Format Version 12.00
# Visual Studio Version 17
VisualStudioVersion = 17.8.34322.80
MinimumVisualStudioVersion = 10.0.40219.1
Project("{FAE04EC0-301F-11D3-BF4B-00C04F79EFBC}") = "VeterinaryApp", "VeterinaryApp\VeterinaryApp.csproj", "{FFFAFCC6-AEB6-4F86-8928-70EE34D87B44}"
EndProject
Global
	GlobalSection(SolutionConfigurationPlatforms) = preSolution
		Debug|Any CPU = Debug|Any CPU
		Release|Any CPU = Release|Any CPU
	EndGlobalSection
	GlobalSection(ProjectConfigurationPlatforms) = postSolution
		{FFFAFCC6-AEB6-4F86-8928-70EE34D87B44}.Debug|Any CPU.ActiveCfg = Debug|Any CPU
		{FFFAFCC6-AEB6-4F86-8928-70EE34D87B44}.Debug|Any CPU.Build.0 = Debug|Any CPU
		{FFFAFCC6-AEB6-4F86-8928-70EE34D87B44}.Release|Any CPU.ActiveCfg = Release|Any CPU
		{FFFAFCC6-AEB6-4F86-8928-70EE34D87B44}.Release|Any CPU.Build.0 = Release|Any CPU
	EndGlobalSection
	GlobalSection(SolutionProperties) = preSolution
		HideSolutionNode = FALSE
	EndGlobalSection
	GlobalSection(ExtensibilityGlobals) = postSolution
		SolutionGuid = {FC724864-1C52-47C7-BE1B-97F89B0809EB}
	EndGlobalSection
EndGlobal
